
Microsoft Visual Studio Solution File, Format Version 12.00
# Visual Studio Version 16
VisualStudioVersion = 16.0.31019.35
MinimumVisualStudioVersion = 10.0.40219.1
Project("{FAE04EC0-301F-11D3-BF4B-00C04F79EFBC}") = "LDSkin", "LDSkin\LDSkin.csproj", "{F998E596-3E15-49B5-85B8-033AF2FBF443}"
EndProject
Global
	GlobalSection(SolutionConfigurationPlatforms) = preSolution
		Debug|Any CPU = Debug|Any CPU
		Release|Any CPU = Release|Any CPU
	EndGlobalSection
	GlobalSection(ProjectConfigurationPlatforms) = postSolution
		{F998E596-3E15-49B5-85B8-033AF2FBF443}.Debug|Any CPU.ActiveCfg = Debug|Any CPU
		{F998E596-3E15-49B5-85B8-033AF2FBF443}.Debug|Any CPU.Build.0 = Debug|Any CPU
		{F998E596-3E15-49B5-85B8-033AF2FBF443}.Release|Any CPU.ActiveCfg = Release|Any CPU
		{F998E596-3E15-49B5-85B8-033AF2FBF443}.Release|Any CPU.Build.0 = Release|Any CPU
	EndGlobalSection
	GlobalSection(SolutionProperties) = preSolution
		HideSolutionNode = FALSE
	EndGlobalSection
	GlobalSection(ExtensibilityGlobals) = postSolution
		SolutionGuid = {C1CCA8F7-8DFD-4F03-8B9A-4D62F74E6EE7}
	EndGlobalSection
EndGlobal
